github.com/suyashkumar/dicom v1.1.0 h1:AG+N/aQnD+jzkFuFzz2wO401qXI8KnNcYGQgvTBr9LA=
github.com/suyashkumar/dicom v1.1.0/go.mod h1:8Yw14x/0r4fXVnutbCJpF3HiLVbgMS1DQ2HpfbDjq8Y=
golang.org/x/exp v0.0.0-20240525044651-4c93da0ed11d h1:N0hmiNbwsSNwHBAvR3QB5w25pUwH4tK0Y/RltD1j1h4=
golang.org/x/exp v0.0.0-20240525044651-4c93da0ed11d/go.mod h1:XtvwrStGgqGPLc4cjQfWqZHG1YFdYs6swckp8vpsjnc=
golang.org/x/text v0.3.8 h1:nAL+RVCQ9uMn3vJZbV+MRnydTJFPf8qqY42YiA6MrqY=
golang.org/x/text v0.3.8/go.mod h1:E6s5w1FMmriuDzIBO73fBruAKo1PCIq6d2Q6DHfQ8WQ=
